<?xml version="1.0" encoding="utf-8"?>
<Project ToolsVersion="4.0" xmlns="http://schemas.microsoft.com/developer/msbuild/2003">
  <ItemGroup>
    <ClCompile Include="src\main.cpp" />
    <ClCompile Include="src\pch.cpp" />
  </ItemGroup>
  <ItemGroup>
    <ClInclude Include="src\pch.h" />
    <ClInclude Include="src\telemvar\BaseTelemVar.hpp">
      <Filter>telemvar</Filter>
    </ClInclude>
    <ClInclude Include="src\telemvar\ChannelUpdateHandler.hpp">
      <Filter>telemvar</Filter>
    </ClInclude>
    <ClInclude Include="src\telemvar\FloatConvTelemVar.hpp">
      <Filter>telemvar</Filter>
    </ClInclude>
    <ClInclude Include="src\telemvar\ScalarTelemVar.hpp">
      <Filter>telemvar</Filter>
    </ClInclude>
    <ClInclude Include="src\telemvar\StreamedTelemVar.hpp">
      <Filter>telemvar</Filter>
    </ClInclude>
    <ClInclude Include="src\telemvar\StringTelemVar.hpp">
      <Filter>telemvar</Filter>
    </ClInclude>
    <ClInclude Include="src\telemvar\TelemVar.hpp">
      <Filter>telemvar</Filter>
    </ClInclude>
    <ClInclude Include="src\telemvar\TelemVarSet.hpp">
      <Filter>telemvar</Filter>
    </ClInclude>
    <ClInclude Include="src\utils\scssdk_value_sizes.h">
      <Filter>utils</Filter>
    </ClInclude>
  </ItemGroup>
  <ItemGroup>
    <None Include="src\main.def" />
  </ItemGroup>
  <ItemGroup>
    <Filter Include="telemvar">
      <UniqueIdentifier>{4549fda1-160f-4889-aa02-0d6be2d2752f}</UniqueIdentifier>
    </Filter>
    <Filter Include="utils">
      <UniqueIdentifier>{a8acb3cd-9296-4ada-806f-82db582ff00e}</UniqueIdentifier>
    </Filter>
  </ItemGroup>
</Project>